
Microsoft Visual Studio Solution File, Format Version 12.00
# Visual Studio Version 17
VisualStudioVersion = 17.3.32825.248
MinimumVisualStudioVersion = 10.0.40219.1
Project("{FAE04EC0-301F-11D3-BF4B-00C04F79EFBC}") = "GmachApi", "GmachApi\GmachApi.csproj", "{7F7AE49F-7D18-48DF-ADEA-942DB9DCEF86}"
EndProject
Project("{FAE04EC0-301F-11D3-BF4B-00C04F79EFBC}") = "Services", "Services\Services.csproj", "{24F94CF5-ADC7-4E0B-959A-D2546F6381DB}"
EndProject
Project("{FAE04EC0-301F-11D3-BF4B-00C04F79EFBC}") = "Repositories", "Repositories\Repositories.csproj", "{328F9B00-C56A-4A50-A502-8854D1346C4B}"
EndProject
Project("{FAE04EC0-301F-11D3-BF4B-00C04F79EFBC}") = "DTO", "DTO\DTO.csproj", "{D305ABCA-F324-4A7D-8C83-25854E859FB9}"
EndProject
Global
	GlobalSection(SolutionConfigurationPlatforms) = preSolution
		Debug|Any CPU = Debug|Any CPU
		Release|Any CPU = Release|Any CPU
	EndGlobalSection
	GlobalSection(ProjectConfigurationPlatforms) = postSolution
		{7F7AE49F-7D18-48DF-ADEA-942DB9DCEF86}.Debug|Any CPU.ActiveCfg = Debug|Any CPU
		{7F7AE49F-7D18-48DF-ADEA-942DB9DCEF86}.Debug|Any CPU.Build.0 = Debug|Any CPU
		{7F7AE49F-7D18-48DF-ADEA-942DB9DCEF86}.Release|Any CPU.ActiveCfg = Release|Any CPU
		{7F7AE49F-7D18-48DF-ADEA-942DB9DCEF86}.Release|Any CPU.Build.0 = Release|Any CPU
		{24F94CF5-ADC7-4E0B-959A-D2546F6381DB}.Debug|Any CPU.ActiveCfg = Debug|Any CPU
		{24F94CF5-ADC7-4E0B-959A-D2546F6381DB}.Debug|Any CPU.Build.0 = Debug|Any CPU
		{24F94CF5-ADC7-4E0B-959A-D2546F6381DB}.Release|Any CPU.ActiveCfg = Release|Any CPU
		{24F94CF5-ADC7-4E0B-959A-D2546F6381DB}.Release|Any CPU.Build.0 = Release|Any CPU
		{328F9B00-C56A-4A50-A502-8854D1346C4B}.Debug|Any CPU.ActiveCfg = Debug|Any CPU
		{328F9B00-C56A-4A50-A502-8854D1346C4B}.Debug|Any CPU.Build.0 = Debug|Any CPU
		{328F9B00-C56A-4A50-A502-8854D1346C4B}.Release|Any CPU.ActiveCfg = Release|Any CPU
		{328F9B00-C56A-4A50-A502-8854D1346C4B}.Release|Any CPU.Build.0 = Release|Any CPU
		{D305ABCA-F324-4A7D-8C83-25854E859FB9}.Debug|Any CPU.ActiveCfg = Debug|Any CPU
		{D305ABCA-F324-4A7D-8C83-25854E859FB9}.Debug|Any CPU.Build.0 = Debug|Any CPU
		{D305ABCA-F324-4A7D-8C83-25854E859FB9}.Release|Any CPU.ActiveCfg = Release|Any CPU
		{D305ABCA-F324-4A7D-8C83-25854E859FB9}.Release|Any CPU.Build.0 = Release|Any CPU
	EndGlobalSection
	GlobalSection(SolutionProperties) = preSolution
		HideSolutionNode = FALSE
	EndGlobalSection
	GlobalSection(ExtensibilityGlobals) = postSolution
		SolutionGuid = {00A19359-1AB7-4B7A-BE81-D026B8E6F5BA}
	EndGlobalSection
EndGlobal
